<?xml version="1.0" encoding="UTF-8"?>
<Scheme
   version = "1.3">
   <BuildAction>
      <BuildActionEntries>
         <BuildActionEntry
            buildForRunning = "YES">
            <BuildableReference
               BuildableIdentifier = "primary"
               BlueprintIdentifier = "482801FF7504DB33BCE7E06C"
               BuildableName = "BullsEye.app"
               BlueprintName = "BullsEye"
               ReferencedContainer = "container:BullsEye.xcodeproj">
            </BuildableReference>
         </BuildActionEntry>
      </BuildActionEntries>
   </BuildAction>
   <LaunchAction
      useCustomWorkingDirectory = "NO"
      buildConfiguration = "Debug">
      <BuildableProductRunnable>
         <BuildableReference
            BuildableIdentifier = "primary"
            BlueprintIdentifier = "482801FF7504DB33BCE7E06C"
            BuildableName = "BullsEye.app"
            BlueprintName = "BullsEye"
            ReferencedContainer = "container:BullsEye.xcodeproj">
         </BuildableReference>
      </BuildableProductRunnable>
   </LaunchAction>
</Scheme>
